// !$*UTF8*$!
{
	archiveVersion = 1;
	classes = {
	};
	objectVersion = 51;
	objects = {

/* Begin PBXBuildFile section */
		60D4D69DD29DF234867F6B73 /* Pods_YouCommute.framework in Frameworks */ = {isa = PBXBuildFile; fileRef = AFE8A33478491D89EEACAB2A /* Pods_YouCommute.framework */; };
		DE3BB9E7760B7C9CB669505A /* Pods_YouCommuteTests.framework in Frameworks */ = {isa = PBXBuildFile; fileRef = A1445A95388F6A076775A8F6 /* Pods_YouCommuteTests.framework */; };
		E2723C0F236A8BD900352343 /* LocationSearchTableViewController.swift in Sources */ = {isa = PBXBuildFile; fileRef = E2723C0E236A8BD900352343 /* LocationSearchTableViewController.swift */; };
		E2CC4B8823747BB100451EB7 /* CalendarViewController.swift in Sources */ = {isa = PBXBuildFile; fileRef = E2CC4B8723747BB100451EB7 /* CalendarViewController.swift */; };
		E2CE2594235D168600362849 /* AppDelegate.swift in Sources */ = {isa = PBXBuildFile; fileRef = E2CE2593235D168600362849 /* AppDelegate.swift */; };
		E2CE2596235D168600362849 /* SceneDelegate.swift in Sources */ = {isa = PBXBuildFile; fileRef = E2CE2595235D168600362849 /* SceneDelegate.swift */; };
		E2CE2598235D168600362849 /* FirstViewController.swift in Sources */ = {isa = PBXBuildFile; fileRef = E2CE2597235D168600362849 /* FirstViewController.swift */; };
		E2CE259A235D168600362849 /* EventListViewController.swift in Sources */ = {isa = PBXBuildFile; fileRef = E2CE2599235D168600362849 /* EventListViewController.swift */; };
		E2CE259D235D168600362849 /* Main.storyboard in Resources */ = {isa = PBXBuildFile; fileRef = E2CE259B235D168600362849 /* Main.storyboard */; };
		E2CE259F235D168900362849 /* Assets.xcassets in Resources */ = {isa = PBXBuildFile; fileRef = E2CE259E235D168900362849 /* Assets.xcassets */; };
		E2CE25A2235D168900362849 /* LaunchScreen.storyboard in Resources */ = {isa = PBXBuildFile; fileRef = E2CE25A0235D168900362849 /* LaunchScreen.storyboard */; };
		E2CE25AD235D168A00362849 /* YouCommuteTests.swift in Sources */ = {isa = PBXBuildFile; fileRef = E2CE25AC235D168A00362849 /* YouCommuteTests.swift */; };
		E2CE25BA235D229900362849 /* EventDetailsViewController.swift in Sources */ = {isa = PBXBuildFile; fileRef = E2CE25B9235D229900362849 /* EventDetailsViewController.swift */; };
/* End PBXBuildFile section */

/* Begin PBXContainerItemProxy section */
		E2CE25A9235D168A00362849 /* PBXContainerItemProxy */ = {
			isa = PBXContainerItemProxy;
			containerPortal = E2CE2588235D168600362849 /* Project object */;
			proxyType = 1;
			remoteGlobalIDString = E2CE258F235D168600362849;
			remoteInfo = YouCommute;
		};
/* End PBXContainerItemProxy section */

/* Begin PBXCopyFilesBuildPhase section */
		E224C1242377B0970028D794 /* Embed Frameworks */ = {
			isa = PBXCopyFilesBuildPhase;
			buildActionMask = 2147483647;
			dstPath = "";
			dstSubfolderSpec = 10;
			files = (
			);
			name = "Embed Frameworks";
			runOnlyForDeploymentPostprocessing = 0;
		};
/* End PBXCopyFilesBuildPhase section */

/* Begin PBXFileReference section */
		A1445A95388F6A076775A8F6 /* Pods_YouCommuteTests.framework */ = {isa = PBXFileReference; explicitFileType = wrapper.framework; includeInIndex = 0; path = Pods_YouCommuteTests.framework; sourceTree = BUILT_PRODUCTS_DIR; };
		AE8F820898FE8D786EF08408 /* Pods-YouCommute.release.xcconfig */ = {isa = PBXFileReference; includeInIndex = 1; lastKnownFileType = text.xcconfig; name = "Pods-YouCommute.release.xcconfig"; path = "Target Support Files/Pods-YouCommute/Pods-YouCommute.release.xcconfig"; sourceTree = "<group>"; };
		AFE8A33478491D89EEACAB2A /* Pods_YouCommute.framework */ = {isa = PBXFileReference; explicitFileType = wrapper.framework; includeInIndex = 0; path = Pods_YouCommute.framework; sourceTree = BUILT_PRODUCTS_DIR; };
		E224C11C2377AFAB0028D794 /* CoreLocation.framework */ = {isa = PBXFileReference; lastKnownFileType = wrapper.framework; name = CoreLocation.framework; path = System/Library/Frameworks/CoreLocation.framework; sourceTree = SDKROOT; };
		E2723C0E236A8BD900352343 /* LocationSearchTableViewController.swift */ = {isa = PBXFileReference; lastKnownFileType = sourcecode.swift; path = LocationSearchTableViewController.swift; sourceTree = "<group>"; };
		E2CC4B8723747BB100451EB7 /* CalendarViewController.swift */ = {isa = PBXFileReference; lastKnownFileType = sourcecode.swift; path = CalendarViewController.swift; sourceTree = "<group>"; };
		E2CE2590235D168600362849 /* YouCommute.app */ = {isa = PBXFileReference; explicitFileType = wrapper.application; includeInIndex = 0; path = YouCommute.app; sourceTree = BUILT_PRODUCTS_DIR; };
		E2CE2593235D168600362849 /* AppDelegate.swift */ = {isa = PBXFileReference; lastKnownFileType = sourcecode.swift; path = AppDelegate.swift; sourceTree = "<group>"; };
		E2CE2595235D168600362849 /* SceneDelegate.swift */ = {isa = PBXFileReference; lastKnownFileType = sourcecode.swift; path = SceneDelegate.swift; sourceTree = "<group>"; };
		E2CE2597235D168600362849 /* FirstViewController.swift */ = {isa = PBXFileReference; lastKnownFileType = sourcecode.swift; path = FirstViewController.swift; sourceTree = "<group>"; };
		E2CE2599235D168600362849 /* EventListViewController.swift */ = {isa = PBXFileReference; lastKnownFileType = sourcecode.swift; path = EventListViewController.swift; sourceTree = "<group>"; };
		E2CE259C235D168600362849 /* Base */ = {isa = PBXFileReference; lastKnownFileType = file.storyboard; name = Base; path = Base.lproj/Main.storyboard; sourceTree = "<group>"; };
		E2CE259E235D168900362849 /* Assets.xcassets */ = {isa = PBXFileReference; lastKnownFileType = folder.assetcatalog; path = Assets.xcassets; sourceTree = "<group>"; };
		E2CE25A1235D168900362849 /* Base */ = {isa = PBXFileReference; lastKnownFileType = file.storyboard; name = Base; path = Base.lproj/LaunchScreen.storyboard; sourceTree = "<group>"; };
		E2CE25A3235D168900362849 /* Info.plist */ = {isa = PBXFileReference; lastKnownFileType = text.plist.xml; path = Info.plist; sourceTree = "<group>"; };
		E2CE25A8235D168A00362849 /* YouCommuteTests.xctest */ = {isa = PBXFileReference; explicitFileType = wrapper.cfbundle; includeInIndex = 0; path = YouCommuteTests.xctest; sourceTree = BUILT_PRODUCTS_DIR; };
		E2CE25AC235D168A00362849 /* YouCommuteTests.swift */ = {isa = PBXFileReference; lastKnownFileType = sourcecode.swift; path = YouCommuteTests.swift; sourceTree = "<group>"; };
		E2CE25AE235D168A00362849 /* Info.plist */ = {isa = PBXFileReference; lastKnownFileType = text.plist.xml; path = Info.plist; sourceTree = "<group>"; };
		E2CE25B9235D229900362849 /* EventDetailsViewController.swift */ = {isa = PBXFileReference; lastKnownFileType = sourcecode.swift; path = EventDetailsViewController.swift; sourceTree = "<group>"; };
		EFE1110C50D11DE8F1489058 /* Pods-YouCommuteTests.debug.xcconfig */ = {isa = PBXFileReference; includeInIndex = 1; lastKnownFileType = text.xcconfig; name = "Pods-YouCommuteTests.debug.xcconfig"; path = "Target Support Files/Pods-YouCommuteTests/Pods-YouCommuteTests.debug.xcconfig"; sourceTree = "<group>"; };
		F00245F32D0183D657DEB72F /* Pods-YouCommuteTests.release.xcconfig */ = {isa = PBXFileReference; includeInIndex = 1; lastKnownFileType = text.xcconfig; name = "Pods-YouCommuteTests.release.xcconfig"; path = "Target Support Files/Pods-YouCommuteTests/Pods-YouCommuteTests.release.xcconfig"; sourceTree = "<group>"; };
		F0637A0D8955EB900FD6FBD4 /* Pods-YouCommute.debug.xcconfig */ = {isa = PBXFileReference; includeInIndex = 1; lastKnownFileType = text.xcconfig; name = "Pods-YouCommute.debug.xcconfig"; path = "Target Support Files/Pods-YouCommute/Pods-YouCommute.debug.xcconfig"; sourceTree = "<group>"; };
/* End PBXFileReference section */

/* Begin PBXFrameworksBuildPhase section */
		E2CE258D235D168600362849 /* Frameworks */ = {
			isa = PBXFrameworksBuildPhase;
			buildActionMask = 2147483647;
			files = (
				60D4D69DD29DF234867F6B73 /* Pods_YouCommute.framework in Frameworks */,
			);
			runOnlyForDeploymentPostprocessing = 0;
		};
		E2CE25A5235D168A00362849 /* Frameworks */ = {
			isa = PBXFrameworksBuildPhase;
			buildActionMask = 2147483647;
			files = (
				DE3BB9E7760B7C9CB669505A /* Pods_YouCommuteTests.framework in Frameworks */,
			);
			runOnlyForDeploymentPostprocessing = 0;
		};
/* End PBXFrameworksBuildPhase section */

/* Begin PBXGroup section */
		A0586D4B547D11FEE5DC3ECA /* Pods */ = {
			isa = PBXGroup;
			children = (
				F0637A0D8955EB900FD6FBD4 /* Pods-YouCommute.debug.xcconfig */,
				AE8F820898FE8D786EF08408 /* Pods-YouCommute.release.xcconfig */,
				EFE1110C50D11DE8F1489058 /* Pods-YouCommuteTests.debug.xcconfig */,
				F00245F32D0183D657DEB72F /* Pods-YouCommuteTests.release.xcconfig */,
			);
			path = Pods;
			sourceTree = "<group>";
		};
		E2CE2587235D168600362849 = {
			isa = PBXGroup;
			children = (
				E2CE2592235D168600362849 /* YouCommute */,
				E2CE25AB235D168A00362849 /* YouCommuteTests */,
				E2CE2591235D168600362849 /* Products */,
				A0586D4B547D11FEE5DC3ECA /* Pods */,
				F4C5CB8F72DCF1CA3C0C3CB3 /* Frameworks */,
			);
			sourceTree = "<group>";
		};
		E2CE2591235D168600362849 /* Products */ = {
			isa = PBXGroup;
			children = (
				E2CE2590235D168600362849 /* YouCommute.app */,
				E2CE25A8235D168A00362849 /* YouCommuteTests.xctest */,
			);
			name = Products;
			sourceTree = "<group>";
		};
		E2CE2592235D168600362849 /* YouCommute */ = {
			isa = PBXGroup;
			children = (
				E2CE2593235D168600362849 /* AppDelegate.swift */,
				E2CE259B235D168600362849 /* Main.storyboard */,
				E2CE25A0235D168900362849 /* LaunchScreen.storyboard */,
				E2CE25B9235D229900362849 /* EventDetailsViewController.swift */,
				E2CE2599235D168600362849 /* EventListViewController.swift */,
				E2CE2597235D168600362849 /* FirstViewController.swift */,
				E2723C0E236A8BD900352343 /* LocationSearchTableViewController.swift */,
				E2CE2595235D168600362849 /* SceneDelegate.swift */,
				E2CE259E235D168900362849 /* Assets.xcassets */,
				E2CE25A3235D168900362849 /* Info.plist */,
				E2CC4B8723747BB100451EB7 /* CalendarViewController.swift */,
			);
			path = YouCommute;
			sourceTree = "<group>";
		};
		E2CE25AB235D168A00362849 /* YouCommuteTests */ = {
			isa = PBXGroup;
			children = (
				E2CE25AC235D168A00362849 /* YouCommuteTests.swift */,
				E2CE25AE235D168A00362849 /* Info.plist */,
			);
			path = YouCommuteTests;
			sourceTree = "<group>";
		};
		F4C5CB8F72DCF1CA3C0C3CB3 /* Frameworks */ = {
			isa = PBXGroup;
			children = (
				E224C11C2377AFAB0028D794 /* CoreLocation.framework */,
				AFE8A33478491D89EEACAB2A /* Pods_YouCommute.framework */,
				A1445A95388F6A076775A8F6 /* Pods_YouCommuteTests.framework */,
			);
			name = Frameworks;
			sourceTree = "<group>";
		};
/* End PBXGroup section */

/* Begin PBXNativeTarget section */
		E2CE258F235D168600362849 /* YouCommute */ = {
			isa = PBXNativeTarget;
			buildConfigurationList = E2CE25B1235D168A00362849 /* Build configuration list for PBXNativeTarget "YouCommute" */;
			buildPhases = (
				7C7950C47FFA5406B07444A7 /* [CP] Check Pods Manifest.lock */,
				E2CE258C235D168600362849 /* Sources */,
				E2CE258D235D168600362849 /* Frameworks */,
				E2CE258E235D168600362849 /* Resources */,
				8519A4B9771B6F02D0E71F8C /* [CP] Embed Pods Frameworks */,
				E224C1242377B0970028D794 /* Embed Frameworks */,
			);
			buildRules = (
			);
			dependencies = (
			);
			name = YouCommute;
			productName = YouCommute;
			productReference = E2CE2590235D168600362849 /* YouCommute.app */;
			productType = "com.apple.product-type.application";
		};
		E2CE25A7235D168A00362849 /* YouCommuteTests */ = {
			isa = PBXNativeTarget;
			buildConfigurationList = E2CE25B4235D168A00362849 /* Build configuration list for PBXNativeTarget "YouCommuteTests" */;
			buildPhases = (
				10090DBC24D9965B1CCC955B /* [CP] Check Pods Manifest.lock */,
				E2CE25A4235D168A00362849 /* Sources */,
				E2CE25A5235D168A00362849 /* Frameworks */,
				E2CE25A6235D168A00362849 /* Resources */,
			);
			buildRules = (
			);
			dependencies = (
				E2CE25AA235D168A00362849 /* PBXTargetDependency */,
			);
			name = YouCommuteTests;
			productName = YouCommuteTests;
			productReference = E2CE25A8235D168A00362849 /* YouCommuteTests.xctest */;
			productType = "com.apple.product-type.bundle.unit-test";
		};
/* End PBXNativeTarget section */

/* Begin PBXProject section */
		E2CE2588235D168600362849 /* Project object */ = {
			isa = PBXProject;
			attributes = {
				LastSwiftUpdateCheck = 1100;
				LastUpgradeCheck = 1100;
				ORGANIZATIONNAME = "Kristopher Manceaux";
				TargetAttributes = {
					E2CE258F235D168600362849 = {
						CreatedOnToolsVersion = 11.0;
					};
					E2CE25A7235D168A00362849 = {
						CreatedOnToolsVersion = 11.0;
						TestTargetID = E2CE258F235D168600362849;
					};
				};
			};
			buildConfigurationList = E2CE258B235D168600362849 /* Build configuration list for PBXProject "YouCommute" */;
			compatibilityVersion = "Xcode 9.3";
			developmentRegion = en;
			hasScannedForEncodings = 0;
			knownRegions = (
				en,
				Base,
			);
			mainGroup = E2CE2587235D168600362849;
			productRefGroup = E2CE2591235D168600362849 /* Products */;
			projectDirPath = "";
			projectRoot = "";
			targets = (
				E2CE258F235D168600362849 /* YouCommute */,
				E2CE25A7235D168A00362849 /* YouCommuteTests */,
			);
		};
/* End PBXProject section */

/* Begin PBXResourcesBuildPhase section */
		E2CE258E235D168600362849 /* Resources */ = {
			isa = PBXResourcesBuildPhase;
			buildActionMask = 2147483647;
			files = (
				E2CE25A2235D168900362849 /* LaunchScreen.storyboard in Resources */,
				E2CE259F235D168900362849 /* Assets.xcassets in Resources */,
				E2CE259D235D168600362849 /* Main.storyboard in Resources */,
			);
			runOnlyForDeploymentPostprocessing = 0;
		};
		E2CE25A6235D168A00362849 /* Resources */ = {
			isa = PBXResourcesBuildPhase;
			buildActionMask = 2147483647;
			files = (
			);
			runOnlyForDeploymentPostprocessing = 0;
		};
/* End PBXResourcesBuildPhase section */

/* Begin PBXShellScriptBuildPhase section */
		10090DBC24D9965B1CCC955B /* [CP] Check Pods Manifest.lock */ = {
			isa = PBXShellScriptBuildPhase;
			buildActionMask = 2147483647;
			files = (
			);
			inputFileListPaths = (
			);
			inputPaths = (
				"${PODS_PODFILE_DIR_PATH}/Podfile.lock",
				"${PODS_ROOT}/Manifest.lock",
			);
			name = "[CP] Check Pods Manifest.lock";
			outputFileListPaths = (
			);
			outputPaths = (
				"$(DERIVED_FILE_DIR)/Pods-YouCommuteTests-checkManifestLockResult.txt",
			);
			runOnlyForDeploymentPostprocessing = 0;
			shellPath = /bin/sh;
			shellScript = "diff \"${PODS_PODFILE_DIR_PATH}/Podfile.lock\" \"${PODS_ROOT}/Manifest.lock\" > /dev/null\nif [ $? != 0 ] ; then\n    # print error to STDERR\n    echo \"error: The sandbox is not in sync with the Podfile.lock. Run 'pod install' or update your CocoaPods installation.\" >&2\n    exit 1\nfi\n# This output is used by Xcode 'outputs' to avoid re-running this script phase.\necho \"SUCCESS\" > \"${SCRIPT_OUTPUT_FILE_0}\"\n";
			showEnvVarsInLog = 0;
		};
		7C7950C47FFA5406B07444A7 /* [CP] Check Pods Manifest.lock */ = {
			isa = PBXShellScriptBuildPhase;
			buildActionMask = 2147483647;
			files = (
			);
			inputFileListPaths = (
			);
			inputPaths = (
				"${PODS_PODFILE_DIR_PATH}/Podfile.lock",
				"${PODS_ROOT}/Manifest.lock",
			);
			name = "[CP] Check Pods Manifest.lock";
			outputFileListPaths = (
			);
			outputPaths = (
				"$(DERIVED_FILE_DIR)/Pods-YouCommute-checkManifestLockResult.txt",
			);
			runOnlyForDeploymentPostprocessing = 0;
			shellPath = /bin/sh;
			shellScript = "diff \"${PODS_PODFILE_DIR_PATH}/Podfile.lock\" \"${PODS_ROOT}/Manifest.lock\" > /dev/null\nif [ $? != 0 ] ; then\n    # print error to STDERR\n    echo \"error: The sandbox is not in sync with the Podfile.lock. Run 'pod install' or update your CocoaPods installation.\" >&2\n    exit 1\nfi\n# This output is used by Xcode 'outputs' to avoid re-running this script phase.\necho \"SUCCESS\" > \"${SCRIPT_OUTPUT_FILE_0}\"\n";
			showEnvVarsInLog = 0;
		};
		8519A4B9771B6F02D0E71F8C /* [CP] Embed Pods Frameworks */ = {
			isa = PBXShellScriptBuildPhase;
			buildActionMask = 2147483647;
			files = (
			);
			inputFileListPaths = (
				"${PODS_ROOT}/Target Support Files/Pods-YouCommute/Pods-YouCommute-frameworks-${CONFIGURATION}-input-files.xcfilelist",
			);
			name = "[CP] Embed Pods Frameworks";
			outputFileListPaths = (
				"${PODS_ROOT}/Target Support Files/Pods-YouCommute/Pods-YouCommute-frameworks-${CONFIGURATION}-output-files.xcfilelist",
			);
			runOnlyForDeploymentPostprocessing = 0;
			shellPath = /bin/sh;
			shellScript = "\"${PODS_ROOT}/Target Support Files/Pods-YouCommute/Pods-YouCommute-frameworks.sh\"\n";
			showEnvVarsInLog = 0;
		};
/* End PBXShellScriptBuildPhase section */

/* Begin PBXSourcesBuildPhase section */
		E2CE258C235D168600362849 /* Sources */ = {
			isa = PBXSourcesBuildPhase;
			buildActionMask = 2147483647;
			files = (
				E2CE25BA235D229900362849 /* EventDetailsViewController.swift in Sources */,
				E2CE259A235D168600362849 /* EventListViewController.swift in Sources */,
				E2CE2598235D168600362849 /* FirstViewController.swift in Sources */,
				E2CE2594235D168600362849 /* AppDelegate.swift in Sources */,
				E2723C0F236A8BD900352343 /* LocationSearchTableViewController.swift in Sources */,
				E2CC4B8823747BB100451EB7 /* CalendarViewController.swift in Sources */,
				E2CE2596235D168600362849 /* SceneDelegate.swift in Sources */,
			);
			runOnlyForDeploymentPostprocessing = 0;
		};
		E2CE25A4235D168A00362849 /* Sources */ = {
			isa = PBXSourcesBuildPhase;
			buildActionMask = 2147483647;
			files = (
				E2CE25AD235D168A00362849 /* YouCommuteTests.swift in Sources */,
			);
			runOnlyForDeploymentPostprocessing = 0;
		};
/* End PBXSourcesBuildPhase section */

/* Begin PBXTargetDependency section */
		E2CE25AA235D168A00362849 /* PBXTargetDependency */ = {
			isa = PBXTargetDependency;
			target = E2CE258F235D168600362849 /* YouCommute */;
			targetProxy = E2CE25A9235D168A00362849 /* PBXContainerItemProxy */;
		};
/* End PBXTargetDependency section */

/* Begin PBXVariantGroup section */
		E2CE259B235D168600362849 /* Main.storyboard */ = {
			isa = PBXVariantGroup;
			children = (
				E2CE259C235D168600362849 /* Base */,
			);
			name = Main.storyboard;
			sourceTree = "<group>";
		};
		E2CE25A0235D168900362849 /* LaunchScreen.storyboard */ = {
			isa = PBXVariantGroup;
			children = (
				E2CE25A1235D168900362849 /* Base */,
			);
			name = LaunchScreen.storyboard;
			sourceTree = "<group>";
		};
/* End PBXVariantGroup section */

/* Begin XCBuildConfiguration section */
		E2CE25AF235D168A00362849 /* Debug */ = {
			isa = XCBuildConfiguration;
			buildSettings = {
				ALWAYS_SEARCH_USER_PATHS = NO;
				CLANG_ANALYZER_NONNULL = YES;
				CLANG_ANALYZER_NUMBER_OBJECT_CONVERSION = YES_AGGRESSIVE;
				CLANG_CXX_LANGUAGE_STANDARD = "gnu++14";
				CLANG_CXX_LIBRARY = "libc++";
				CLANG_ENABLE_MODULES = YES;
				CLANG_ENABLE_OBJC_ARC = YES;
				CLANG_ENABLE_OBJC_WEAK = YES;
				CLANG_WARN_BLOCK_CAPTURE_AUTORELEASING = YES;
				CLANG_WARN_BOOL_CONVERSION = YES;
				CLANG_WARN_COMMA = YES;
				CLANG_WARN_CONSTANT_CONVERSION = YES;
				CLANG_WARN_DEPRECATED_OBJC_IMPLEMENTATIONS = YES;
				CLANG_WARN_DIRECT_OBJC_ISA_USAGE = YES_ERROR;
				CLANG_WARN_DOCUMENTATION_COMMENTS = YES;
				CLANG_WARN_EMPTY_BODY = YES;
				CLANG_WARN_ENUM_CONVERSION = YES;
				CLANG_WARN_INFINITE_RECURSION = YES;
				CLANG_WARN_INT_CONVERSION = YES;
				CLANG_WARN_NON_LITERAL_NULL_CONVERSION = YES;
				CLANG_WARN_OBJC_IMPLICIT_RETAIN_SELF = YES;
				CLANG_WARN_OBJC_LITERAL_CONVERSION = YES;
				CLANG_WARN_OBJC_ROOT_CLASS = YES_ERROR;
				CLANG_WARN_RANGE_LOOP_ANALYSIS = YES;
				CLANG_WARN_STRICT_PROTOTYPES = YES;
				CLANG_WARN_SUSPICIOUS_MOVE = YES;
				CLANG_WARN_UNGUARDED_AVAILABILITY = YES_AGGRESSIVE;
				CLANG_WARN_UNREACHABLE_CODE = YES;
				CLANG_WARN__DUPLICATE_METHOD_MATCH = YES;
				COPY_PHASE_STRIP = NO;
				DEBUG_INFORMATION_FORMAT = dwarf;
				ENABLE_STRICT_OBJC_MSGSEND = YES;
				ENABLE_TESTABILITY = YES;
				GCC_C_LANGUAGE_STANDARD = gnu11;
				GCC_DYNAMIC_NO_PIC = NO;
				GCC_NO_COMMON_BLOCKS = YES;
				GCC_OPTIMIZATION_LEVEL = 0;
				GCC_PREPROCESSOR_DEFINITIONS = (
					"DEBUG=1",
					"$(inherited)",
				);
				GCC_WARN_64_TO_32_BIT_CONVERSION = YES;
				GCC_WARN_ABOUT_RETURN_TYPE = YES_ERROR;
				GCC_WARN_UNDECLARED_SELECTOR = YES;
				GCC_WARN_UNINITIALIZED_AUTOS = YES_AGGRESSIVE;
				GCC_WARN_UNUSED_FUNCTION = YES;
				GCC_WARN_UNUSED_VARIABLE = YES;
				IPHONEOS_DEPLOYMENT_TARGET = 13.0;
				MTL_ENABLE_DEBUG_INFO = INCLUDE_SOURCE;
				MTL_FAST_MATH = YES;
				ONLY_ACTIVE_ARCH = YES;
				SDKROOT = iphoneos;
				SWIFT_ACTIVE_COMPILATION_CONDITIONS = DEBUG;
				SWIFT_OPTIMIZATION_LEVEL = "-Onone";
			};
			name = Debug;
		};
		E2CE25B0235D168A00362849 /* Release */ = {
			isa = XCBuildConfiguration;
			buildSettings = {
				ALWAYS_SEARCH_USER_PATHS = NO;
				CLANG_ANALYZER_NONNULL = YES;
				CLANG_ANALYZER_NUMBER_OBJECT_CONVERSION = YES_AGGRESSIVE;
				CLANG_CXX_LANGUAGE_STANDARD = "gnu++14";
				CLANG_CXX_LIBRARY = "libc++";
				CLANG_ENABLE_MODULES = YES;
				CLANG_ENABLE_OBJC_ARC = YES;
				CLANG_ENABLE_OBJC_WEAK = YES;
				CLANG_WARN_BLOCK_CAPTURE_AUTORELEASING = YES;
				CLANG_WARN_BOOL_CONVERSION = YES;
				CLANG_WARN_COMMA = YES;
				CLANG_WARN_CONSTANT_CONVERSION = YES;
				CLANG_WARN_DEPRECATED_OBJC_IMPLEMENTATIONS = YES;
				CLANG_WARN_DIRECT_OBJC_ISA_USAGE = YES_ERROR;
				CLANG_WARN_DOCUMENTATION_COMMENTS = YES;
				CLANG_WARN_EMPTY_BODY = YES;
				CLANG_WARN_ENUM_CONVERSION = YES;
				CLANG_WARN_INFINITE_RECURSION = YES;
				CLANG_WARN_INT_CONVERSION = YES;
				CLANG_WARN_NON_LITERAL_NULL_CONVERSION = YES;
				CLANG_WARN_OBJC_IMPLICIT_RETAIN_SELF = YES;
				CLANG_WARN_OBJC_LITERAL_CONVERSION = YES;
				CLANG_WARN_OBJC_ROOT_CLASS = YES_ERROR;
				CLANG_WARN_RANGE_LOOP_ANALYSIS = YES;
				CLANG_WARN_STRICT_PROTOTYPES = YES;
				CLANG_WARN_SUSPICIOUS_MOVE = YES;
				CLANG_WARN_UNGUARDED_AVAILABILITY = YES_AGGRESSIVE;
				CLANG_WARN_UNREACHABLE_CODE = YES;
				CLANG_WARN__DUPLICATE_METHOD_MATCH = YES;
				COPY_PHASE_STRIP = NO;
				DEBUG_INFORMATION_FORMAT = "dwarf-with-dsym";
				ENABLE_NS_ASSERTIONS = NO;
				ENABLE_STRICT_OBJC_MSGSEND = YES;
				GCC_C_LANGUAGE_STANDARD = gnu11;
				GCC_NO_COMMON_BLOCKS = YES;
				GCC_WARN_64_TO_32_BIT_CONVERSION = YES;
				GCC_WARN_ABOUT_RETURN_TYPE = YES_ERROR;
				GCC_WARN_UNDECLARED_SELECTOR = YES;
				GCC_WARN_UNINITIALIZED_AUTOS = YES_AGGRESSIVE;
				GCC_WARN_UNUSED_FUNCTION = YES;
				GCC_WARN_UNUSED_VARIABLE = YES;
				IPHONEOS_DEPLOYMENT_TARGET = 13.0;
				MTL_ENABLE_DEBUG_INFO = NO;
				MTL_FAST_MATH = YES;
				SDKROOT = iphoneos;
				SWIFT_COMPILATION_MODE = wholemodule;
				SWIFT_OPTIMIZATION_LEVEL = "-O";
				VALIDATE_PRODUCT = YES;
			};
			name = Release;
		};
		E2CE25B2235D168A00362849 /* Debug */ = {
			isa = XCBuildConfiguration;
			baseConfigurationReference = F0637A0D8955EB900FD6FBD4 /* Pods-YouCommute.debug.xcconfig */;
			buildSettings = {
				ASSETCATALOG_COMPILER_APPICON_NAME = AppIcon;
				CODE_SIGN_STYLE = Automatic;
				DEVELOPMENT_TEAM = Y36668R92H;
				INFOPLIST_FILE = YouCommute/Info.plist;
				IPHONEOS_DEPLOYMENT_TARGET = 13.2;
				LD_RUNPATH_SEARCH_PATHS = (
					"$(inherited)",
					"@executable_path/Frameworks",
				);
				PRODUCT_BUNDLE_IDENTIFIER = com.UbiCompTeam9.YouCommute;
				PRODUCT_NAME = "$(TARGET_NAME)";
				SWIFT_VERSION = 5.0;
				TARGETED_DEVICE_FAMILY = 1;
			};
			name = Debug;
		};
		E2CE25B3235D168A00362849 /* Release */ = {
			isa = XCBuildConfiguration;
			baseConfigurationReference = AE8F820898FE8D786EF08408 /* Pods-YouCommute.release.xcconfig */;
			buildSettings = {
				ASSETCATALOG_COMPILER_APPICON_NAME = AppIcon;
				CODE_SIGN_STYLE = Automatic;
				DEVELOPMENT_TEAM = Y36668R92H;
				INFOPLIST_FILE = YouCommute/Info.plist;
				IPHONEOS_DEPLOYMENT_TARGET = 13.2;
				LD_RUNPATH_SEARCH_PATHS = (
					"$(inherited)",
					"@executable_path/Frameworks",
				);
				PRODUCT_BUNDLE_IDENTIFIER = com.UbiCompTeam9.YouCommute;
				PRODUCT_NAME = "$(TARGET_NAME)";
				SWIFT_VERSION = 5.0;
				TARGETED_DEVICE_FAMILY = 1;
			};
			name = Release;
		};
		E2CE25B5235D168A00362849 /* Debug */ = {
			isa = XCBuildConfiguration;
			baseConfigurationReference = EFE1110C50D11DE8F1489058 /* Pods-YouCommuteTests.debug.xcconfig */;
			buildSettings = {
				ALWAYS_EMBED_SWIFT_STANDARD_LIBRARIES = YES;
				BUNDLE_LOADER = "$(TEST_HOST)";
				CODE_SIGN_STYLE = Automatic;
				INFOPLIST_FILE = YouCommuteTests/Info.plist;
				IPHONEOS_DEPLOYMENT_TARGET = 13.0;
				LD_RUNPATH_SEARCH_PATHS = (
					"$(inherited)",
					"@executable_path/Frameworks",
					"@loader_path/Frameworks",
				);
				PRODUCT_BUNDLE_IDENTIFIER = com.UbiCompTeam9.YouCommuteTests;
				PRODUCT_NAME = "$(TARGET_NAME)";
				SWIFT_VERSION = 5.0;
				TARGETED_DEVICE_FAMILY = "1,2";
				TEST_HOST = "$(BUILT_PRODUCTS_DIR)/YouCommute.app/YouCommute";
			};
			name = Debug;
		};
		E2CE25B6235D168A00362849 /* Release */ = {
			isa = XCBuildConfiguration;
			baseConfigurationReference = F00245F32D0183D657DEB72F /* Pods-YouCommuteTests.release.xcconfig */;
			buildSettings = {
				ALWAYS_EMBED_SWIFT_STANDARD_LIBRARIES = YES;
				BUNDLE_LOADER = "$(TEST_HOST)";
				CODE_SIGN_STYLE = Automatic;
				INFOPLIST_FILE = YouCommuteTests/Info.plist;
				IPHONEOS_DEPLOYMENT_TARGET = 13.0;
				LD_RUNPATH_SEARCH_PATHS = (
					"$(inherited)",
					"@executable_path/Frameworks",
					"@loader_path/Frameworks",
				);
				PRODUCT_BUNDLE_IDENTIFIER = com.UbiCompTeam9.YouCommuteTests;
				PRODUCT_NAME = "$(TARGET_NAME)";
				SWIFT_VERSION = 5.0;
				TARGETED_DEVICE_FAMILY = "1,2";
				TEST_HOST = "$(BUILT_PRODUCTS_DIR)/YouCommute.app/YouCommute";
			};
			name = Release;
		};
/* End XCBuildConfiguration section */

/* Begin XCConfigurationList section */
		E2CE258B235D168600362849 /* Build configuration list for PBXProject "YouCommute" */ = {
			isa = XCConfigurationList;
			buildConfigurations = (
				E2CE25AF235D168A00362849 /* Debug */,
				E2CE25B0235D168A00362849 /* Release */,
			);
			defaultConfigurationIsVisible = 0;
			defaultConfigurationName = Release;
		};
		E2CE25B1235D168A00362849 /* Build configuration list for PBXNativeTarget "YouCommute" */ = {
			isa = XCConfigurationList;
			buildConfigurations = (
				E2CE25B2235D168A00362849 /* Debug */,
				E2CE25B3235D168A00362849 /* Release */,
			);
			defaultConfigurationIsVisible = 0;
			defaultConfigurationName = Release;
		};
		E2CE25B4235D168A00362849 /* Build configuration list for PBXNativeTarget "YouCommuteTests" */ = {
			isa = XCConfigurationList;
			buildConfigurations = (
				E2CE25B5235D168A00362849 /* Debug */,
				E2CE25B6235D168A00362849 /* Release */,
			);
			defaultConfigurationIsVisible = 0;
			defaultConfigurationName = Release;
		};
/* End XCConfigurationList section */
	};
	rootObject = E2CE2588235D168600362849 /* Project object */;
}
